PODS:
  - CDTDatastore (0.19.0):
    - CDTDatastore/standard (= 0.19.0)
  - CDTDatastore/common-dependencies (0.19.0):
    - CDTDatastore/no-arc
    - CocoaLumberjack (~> 2.0)
  - CDTDatastore/no-arc (0.19.0)
  - CDTDatastore/standard (0.19.0):
    - CDTDatastore/common-dependencies
    - FMDB (= 2.3)
  - CocoaLumberjack (2.0.1):
    - CocoaLumberjack/Default (= 2.0.1)
    - CocoaLumberjack/Extensions (= 2.0.1)
  - CocoaLumberjack/Core (2.0.1)
  - CocoaLumberjack/Default (2.0.1):
    - CocoaLumberjack/Core
  - CocoaLumberjack/Extensions (2.0.1):
    - CocoaLumberjack/Default
  - FMDB (2.3):
    - FMDB/standard (= 2.3)
  - FMDB/common (2.3)
  - FMDB/standard (2.3):
    - FMDB/common

DEPENDENCIES:
  - CDTDatastore (from `../`)

EXTERNAL SOURCES:
  CDTDatastore:
    :path: ../

SPEC CHECKSUMS:
  CDTDatastore: 2f860d4c961a3f27b18a4d28528eaca5172e718f
  CocoaLumberjack: 019d1361244274a6138c788c6cb80baabc13fb8f
  FMDB: 773d79bb74226959b7e2286b1d6e0bd857c88915

COCOAPODS: 0.38.2
